<?xml version="1.0" encoding="utf-8"?>
<Project ToolsVersion="4.0" xmlns="http://schemas.microsoft.com/developer/msbuild/2003">
  <ItemGroup>
    <Filter Include="core">
      <UniqueIdentifier>{6b284427-54d4-49ef-afb1-13a3a671aca0}</UniqueIdentifier>
    </Filter>
    <Filter Include="rt">
      <UniqueIdentifier>{1b6f65d8-e391-4579-877a-da684d0a40f9}</UniqueIdentifier>
    </Filter>
    <Filter Include="main">
      <UniqueIdentifier>{75961c76-1da5-4f6d-82bb-cd87c1449a7e}</UniqueIdentifier>
    </Filter>
    <Filter Include="rt\cameras">
      <UniqueIdentifier>{cace52b3-55b0-4e94-9656-29f7b9af3863}</UniqueIdentifier>
    </Filter>
    <Filter Include="rt\groups">
      <UniqueIdentifier>{892069ff-c228-446c-9c66-7533500c496b}</UniqueIdentifier>
    </Filter>
    <Filter Include="rt\integrators">
      <UniqueIdentifier>{3c176889-12d4-4c88-b634-ddcbfdabc655}</UniqueIdentifier>
    </Filter>
    <Filter Include="rt\solids">
      <UniqueIdentifier>{db20826d-f755-4676-8807-9e519dd8ed54}</UniqueIdentifier>
    </Filter>
    <Filter Include="rt\loaders">
      <UniqueIdentifier>{ce101ce7-57f0-4cb7-bbb5-f7acdbc5b23d}</UniqueIdentifier>
    </Filter>
  </ItemGroup>
  <ItemGroup>
    <ClInclude Include="core\macros.h">
      <Filter>core</Filter>
    </ClInclude>
    <ClInclude Include="core\scalar.h">
      <Filter>core</Filter>
    </ClInclude>
    <ClInclude Include="core\vector.h">
      <Filter>core</Filter>
    </ClInclude>
    <ClInclude Include="rt\ray.h">
      <Filter>rt</Filter>
    </ClInclude>
    <ClInclude Include="core\image.h">
      <Filter>core</Filter>
    </ClInclude>
    <ClInclude Include="core\assert.h">
      <Filter>core</Filter>
    </ClInclude>
    <ClInclude Include="rt\cameras\perspective.h">
      <Filter>rt\cameras</Filter>
    </ClInclude>
    <ClInclude Include="rt\renderer.h">
      <Filter>rt</Filter>
    </ClInclude>
    <ClInclude Include="rt\cameras\camera.h">
      <Filter>rt\cameras</Filter>
    </ClInclude>
    <ClInclude Include="core\point.h">
      <Filter>core</Filter>
    </ClInclude>
    <ClInclude Include="core\color.h">
      <Filter>core</Filter>
    </ClInclude>
    <ClInclude Include="core\julia.h">
      <Filter>core</Filter>
    </ClInclude>
    <ClInclude Include="rt\cameras\orthographic.h">
      <Filter>rt\cameras</Filter>
    </ClInclude>
    <ClInclude Include="CImg-1.7.9_pre102716\CImg.h">
      <Filter>core</Filter>
    </ClInclude>
    <ClInclude Include="core\ImageDrawing.h">
      <Filter>core</Filter>
    </ClInclude>
    <ClInclude Include="rt\cameras\fisheye.h">
      <Filter>rt\cameras</Filter>
    </ClInclude>
    <ClInclude Include="rt\cameras\environment.h">
      <Filter>rt\cameras</Filter>
    </ClInclude>
    <ClInclude Include="core\float4.h">
      <Filter>core</Filter>
    </ClInclude>
    <ClInclude Include="rt\intersection.h">
      <Filter>rt</Filter>
    </ClInclude>
    <ClInclude Include="rt\bbox.h">
      <Filter>rt</Filter>
    </ClInclude>
    <ClInclude Include="rt\primitive.h">
      <Filter>rt</Filter>
    </ClInclude>
    <ClInclude Include="rt\world.h">
      <Filter>rt</Filter>
    </ClInclude>
    <ClInclude Include="rt\solids\aabox.h">
      <Filter>rt\solids</Filter>
    </ClInclude>
    <ClInclude Include="rt\solids\disc.h">
      <Filter>rt\solids</Filter>
    </ClInclude>
    <ClInclude Include="rt\solids\infiniteplane.h">
      <Filter>rt\solids</Filter>
    </ClInclude>
    <ClInclude Include="rt\solids\quad.h">
      <Filter>rt\solids</Filter>
    </ClInclude>
    <ClInclude Include="rt\solids\solid.h">
      <Filter>rt\solids</Filter>
    </ClInclude>
    <ClInclude Include="rt\solids\sphere.h">
      <Filter>rt\solids</Filter>
    </ClInclude>
    <ClInclude Include="rt\solids\striangle.h">
      <Filter>rt\solids</Filter>
    </ClInclude>
    <ClInclude Include="rt\solids\triangle.h">
      <Filter>rt\solids</Filter>
    </ClInclude>
    <ClInclude Include="rt\integrators\casting.h">
      <Filter>rt\integrators</Filter>
    </ClInclude>
    <ClInclude Include="rt\integrators\castingdist.h">
      <Filter>rt\integrators</Filter>
    </ClInclude>
    <ClInclude Include="rt\integrators\integrator.h">
      <Filter>rt\integrators</Filter>
    </ClInclude>
    <ClInclude Include="rt\groups\group.h">
      <Filter>rt\groups</Filter>
    </ClInclude>
    <ClInclude Include="rt\groups\simplegroup.h">
      <Filter>rt\groups</Filter>
    </ClInclude>
    <ClInclude Include="rt\solids\quadric.h">
      <Filter>rt\solids</Filter>
    </ClInclude>
    <ClInclude Include="rt\groups\bvh.h">
      <Filter>rt\groups</Filter>
    </ClInclude>
    <ClInclude Include="rt\groups\kdtree.h">
      <Filter>rt\groups</Filter>
    </ClInclude>
    <ClInclude Include="rt\loaders\obj.h">
      <Filter>rt\loaders</Filter>
    </ClInclude>
    <ClInclude Include="rt\groups\Node.h">
      <Filter>rt\groups</Filter>
    </ClInclude>
    <ClInclude Include="core\matrix.h">
      <Filter>core</Filter>
    </ClInclude>
  </ItemGroup>
  <ItemGroup>
    <ClCompile Include="main\main.cpp">
      <Filter>main</Filter>
    </ClCompile>
    <ClCompile Include="core\image.cpp">
      <Filter>core</Filter>
    </ClCompile>
    <ClCompile Include="core\scalar.cpp">
      <Filter>core</Filter>
    </ClCompile>
    <ClCompile Include="core\julia.cpp">
      <Filter>core</Filter>
    </ClCompile>
    <ClCompile Include="main\a_julia.cpp">
      <Filter>main</Filter>
    </ClCompile>
    <ClCompile Include="main\a_cameras.cpp">
      <Filter>main</Filter>
    </ClCompile>
    <ClCompile Include="core\color.cpp">
      <Filter>core</Filter>
    </ClCompile>
    <ClCompile Include="core\vector.cpp">
      <Filter>core</Filter>
    </ClCompile>
    <ClCompile Include="core\point.cpp">
      <Filter>core</Filter>
    </ClCompile>
    <ClCompile Include="rt\renderer.cpp">
      <Filter>rt</Filter>
    </ClCompile>
    <ClCompile Include="rt\cameras\orthographic.cpp">
      <Filter>rt\cameras</Filter>
    </ClCompile>
    <ClCompile Include="rt\cameras\perspective.cpp">
      <Filter>rt\cameras</Filter>
    </ClCompile>
    <ClCompile Include="rt\ray.cpp">
      <Filter>rt</Filter>
    </ClCompile>
    <ClCompile Include="core\ImageDrawing.cpp">
      <Filter>core</Filter>
    </ClCompile>
    <ClCompile Include="rt\cameras\fisheye.cpp">
      <Filter>rt\cameras</Filter>
    </ClCompile>
    <ClCompile Include="rt\cameras\environment.cpp">
      <Filter>rt\cameras</Filter>
    </ClCompile>
    <ClCompile Include="main\a_solids.cpp">
      <Filter>main</Filter>
    </ClCompile>
    <ClCompile Include="rt\intersection.cpp">
      <Filter>rt</Filter>
    </ClCompile>
    <ClCompile Include="rt\solids\sphere.cpp">
      <Filter>rt\solids</Filter>
    </ClCompile>
    <ClCompile Include="rt\solids\solid.cpp">
      <Filter>rt\solids</Filter>
    </ClCompile>
    <ClCompile Include="rt\primitive.cpp">
      <Filter>rt</Filter>
    </ClCompile>
    <ClCompile Include="rt\solids\infiniteplane.cpp">
      <Filter>rt\solids</Filter>
    </ClCompile>
    <ClCompile Include="rt\solids\aabox.cpp">
      <Filter>rt\solids</Filter>
    </ClCompile>
    <ClCompile Include="rt\solids\disc.cpp">
      <Filter>rt\solids</Filter>
    </ClCompile>
    <ClCompile Include="rt\solids\quad.cpp">
      <Filter>rt\solids</Filter>
    </ClCompile>
    <ClCompile Include="rt\solids\triangle.cpp">
      <Filter>rt\solids</Filter>
    </ClCompile>
    <ClCompile Include="rt\solids\striangle.cpp">
      <Filter>rt\solids</Filter>
    </ClCompile>
    <ClCompile Include="rt\groups\simplegroup.cpp">
      <Filter>rt\groups</Filter>
    </ClCompile>
    <ClCompile Include="rt\integrators\casting.cpp">
      <Filter>rt\integrators</Filter>
    </ClCompile>
    <ClCompile Include="rt\bbox.cpp">
      <Filter>rt</Filter>
    </ClCompile>
    <ClCompile Include="rt\integrators\castingdist.cpp" />
    <ClCompile Include="rt\solids\quadric.cpp">
      <Filter>rt\solids</Filter>
    </ClCompile>
    <ClCompile Include="rt\loaders\obj.cpp">
      <Filter>rt\loaders</Filter>
    </ClCompile>
    <ClCompile Include="main\a_indexing.cpp">
      <Filter>main</Filter>
    </ClCompile>
    <ClCompile Include="rt\groups\group.cpp" />
    <ClCompile Include="rt\groups\Node.cpp">
      <Filter>rt\groups</Filter>
    </ClCompile>
    <ClCompile Include="rt\groups\bvh.cpp">
      <Filter>rt\groups</Filter>
    </ClCompile>
    <ClCompile Include="core\matrix.cpp">
      <Filter>core</Filter>
    </ClCompile>
    <ClCompile Include="main\a_instancing.cpp">
      <Filter>main</Filter>
    </ClCompile>
  </ItemGroup>
</Project>